
Microsoft Visual Studio Solution File, Format Version 12.00
# Visual Studio Version 17
VisualStudioVersion = 17.5.33627.172
MinimumVisualStudioVersion = 10.0.40219.1
Project("{9A19103F-16F7-4668-BE54-9A1E7A4F7556}") = "Descriptografia.NET", "Descriptografia.NET\Descriptografia.NET.csproj", "{3DEC79C9-8AFE-4533-BF89-587E88196685}"
EndProject
Project("{54435603-DBB4-11D2-8724-00A0C9A8B90C}") = "Setup", "instalador\Setup\Setup.vdproj", "{2B420D47-C689-420B-8874-5F3E7D03AC20}"
EndProject
Global
	GlobalSection(SolutionConfigurationPlatforms) = preSolution
		Debug|Any CPU = Debug|Any CPU
		Release|Any CPU = Release|Any CPU
	EndGlobalSection
	GlobalSection(ProjectConfigurationPlatforms) = postSolution
		{3DEC79C9-8AFE-4533-BF89-587E88196685}.Debug|Any CPU.ActiveCfg = Debug|Any CPU
		{3DEC79C9-8AFE-4533-BF89-587E88196685}.Debug|Any CPU.Build.0 = Debug|Any CPU
		{3DEC79C9-8AFE-4533-BF89-587E88196685}.Release|Any CPU.ActiveCfg = Release|Any CPU
		{3DEC79C9-8AFE-4533-BF89-587E88196685}.Release|Any CPU.Build.0 = Release|Any CPU
		{2B420D47-C689-420B-8874-5F3E7D03AC20}.Debug|Any CPU.ActiveCfg = Debug
		{2B420D47-C689-420B-8874-5F3E7D03AC20}.Release|Any CPU.ActiveCfg = Release
	EndGlobalSection
	GlobalSection(SolutionProperties) = preSolution
		HideSolutionNode = FALSE
	EndGlobalSection
	GlobalSection(ExtensibilityGlobals) = postSolution
		SolutionGuid = {FED13179-673B-426F-82A9-655DFB773340}
	EndGlobalSection
EndGlobal
